
Microsoft Visual Studio Solution File, Format Version 12.00
# Visual Studio Version 17
VisualStudioVersion = 17.6.33723.286
MinimumVisualStudioVersion = 10.0.40219.1
Project("{FAE04EC0-301F-11D3-BF4B-00C04F79EFBC}") = "ServiceLifeExtensionTool", "ServiceLifeExtensionTool\ServiceLifeExtensionTool.csproj", "{C0DD2D82-B361-44DD-8A54-5D42D009C89C}"
EndProject
Global
	GlobalSection(SolutionConfigurationPlatforms) = preSolution
		Debug|Any CPU = Debug|Any CPU
		Debug|x86 = Debug|x86
		Release|Any CPU = Release|Any CPU
		Release|x86 = Release|x86
	EndGlobalSection
	GlobalSection(ProjectConfigurationPlatforms) = postSolution
		{C0DD2D82-B361-44DD-8A54-5D42D009C89C}.Debug|Any CPU.ActiveCfg = Debug|Any CPU
		{C0DD2D82-B361-44DD-8A54-5D42D009C89C}.Debug|Any CPU.Build.0 = Debug|Any CPU
		{C0DD2D82-B361-44DD-8A54-5D42D009C89C}.Debug|x86.ActiveCfg = Debug|Any CPU
		{C0DD2D82-B361-44DD-8A54-5D42D009C89C}.Debug|x86.Build.0 = Debug|Any CPU
		{C0DD2D82-B361-44DD-8A54-5D42D009C89C}.Release|Any CPU.ActiveCfg = Release|Any CPU
		{C0DD2D82-B361-44DD-8A54-5D42D009C89C}.Release|Any CPU.Build.0 = Release|Any CPU
		{C0DD2D82-B361-44DD-8A54-5D42D009C89C}.Release|x86.ActiveCfg = Release|Any CPU
		{C0DD2D82-B361-44DD-8A54-5D42D009C89C}.Release|x86.Build.0 = Release|Any CPU
	EndGlobalSection
	GlobalSection(SolutionProperties) = preSolution
		HideSolutionNode = FALSE
	EndGlobalSection
	GlobalSection(ExtensibilityGlobals) = postSolution
		SolutionGuid = {B95C8351-52C4-486A-B89A-30D231A17193}
	EndGlobalSection
EndGlobal
